Microsoft Visual Studio Solution File, Format Version 12.00
# Visual Studio Version 17
VisualStudioVersion = 17.5.2.0
MinimumVisualStudioVersion = 10.0.40219.1
Project("{FAE04EC0-301F-11D3-BF4B-00C04F79EFBC}") = "Flarion Development Website", "Flarion Development Website.csproj", "{9DC6BD67-D5D4-D255-D4D5-C7E08B938F74}"
EndProject
Global
	GlobalSection(SolutionConfigurationPlatforms) = preSolution
		Debug|Any CPU = Debug|Any CPU
		Release|Any CPU = Release|Any CPU
	EndGlobalSection
	GlobalSection(ProjectConfigurationPlatforms) = postSolution
		{9DC6BD67-D5D4-D255-D4D5-C7E08B938F74}.Debug|Any CPU.ActiveCfg = Debug|Any CPU
		{9DC6BD67-D5D4-D255-D4D5-C7E08B938F74}.Debug|Any CPU.Build.0 = Debug|Any CPU
		{9DC6BD67-D5D4-D255-D4D5-C7E08B938F74}.Release|Any CPU.ActiveCfg = Release|Any CPU
		{9DC6BD67-D5D4-D255-D4D5-C7E08B938F74}.Release|Any CPU.Build.0 = Release|Any CPU
	EndGlobalSection
	GlobalSection(SolutionProperties) = preSolution
		HideSolutionNode = FALSE
	EndGlobalSection
	GlobalSection(ExtensibilityGlobals) = postSolution
		SolutionGuid = {C9BD25FC-9958-47F3-803B-C7F4F62A3165}
	EndGlobalSection
EndGlobal
